<?xml version="1.0" encoding="utf-8"?>
<Project ToolsVersion="4.0" xmlns="http://schemas.microsoft.com/developer/msbuild/2003">
  <ItemGroup>
    <ClCompile Include="main.cpp" />
    <ClCompile Include="Game\Field\MapChipField.cpp">
      <Filter>Game\Field</Filter>
    </ClCompile>
    <ClCompile Include="Engine\Audio\AudioPlayer.cpp">
      <Filter>Engine\Audio</Filter>
    </ClCompile>
    <ClCompile Include="Engine\DX\DXCom.cpp">
      <Filter>Engine\DX</Filter>
    </ClCompile>
    <ClCompile Include="Engine\DX\DXCommand.cpp">
      <Filter>Engine\DX</Filter>
    </ClCompile>
    <ClCompile Include="Engine\DX\DXCompil.cpp">
      <Filter>Engine\DX</Filter>
    </ClCompile>
    <ClCompile Include="Engine\GraphicPipeline\BasePipeline.cpp">
      <Filter>Engine\GraphicPipeline</Filter>
    </ClCompile>
    <ClCompile Include="Engine\GraphicPipeline\MetaBallPipeline.cpp">
      <Filter>Engine\GraphicPipeline</Filter>
    </ClCompile>
    <ClCompile Include="Engine\GraphicPipeline\NonePipeline.cpp">
      <Filter>Engine\GraphicPipeline</Filter>
    </ClCompile>
    <ClCompile Include="Engine\GraphicPipeline\ParticlePipeline.cpp">
      <Filter>Engine\GraphicPipeline</Filter>
    </ClCompile>
    <ClCompile Include="Engine\GraphicPipeline\Pipeline.cpp">
      <Filter>Engine\GraphicPipeline</Filter>
    </ClCompile>
    <ClCompile Include="Engine\ImGuiManager\ImGuiManager.cpp">
      <Filter>Engine\ImGuiManager</Filter>
    </ClCompile>
    <ClCompile Include="Engine\Input\Input.cpp">
      <Filter>Engine\Input</Filter>
    </ClCompile>
    <ClCompile Include="Engine\Logger\Logger.cpp">
      <Filter>Engine\Logger</Filter>
    </ClCompile>
    <ClCompile Include="Engine\Model\Material.cpp">
      <Filter>Engine\Model</Filter>
    </ClCompile>
    <ClCompile Include="Engine\Model\Mesh.cpp">
      <Filter>Engine\Model</Filter>
    </ClCompile>
    <ClCompile Include="Engine\Model\Model.cpp">
      <Filter>Engine\Model</Filter>
    </ClCompile>
    <ClCompile Include="Engine\Model\TextureManager.cpp">
      <Filter>Engine\Model</Filter>
    </ClCompile>
    <ClCompile Include="Engine\WinApp\MyWindow.cpp">
      <Filter>Engine\WinApp</Filter>
    </ClCompile>
    <ClCompile Include="Engine\Light\DirectionLight.cpp">
      <Filter>Engine\Light</Filter>
    </ClCompile>
    <ClCompile Include="Engine\Light\PointLight.cpp">
      <Filter>Engine\Light</Filter>
    </ClCompile>
    <ClCompile Include="Engine\Light\LightManager.cpp">
      <Filter>Engine\Light</Filter>
    </ClCompile>
    <ClCompile Include="Engine\Light\SpotLight.cpp">
      <Filter>Engine\Light</Filter>
    </ClCompile>
    <ClCompile Include="Engine\DX\FPSKeeper.cpp">
      <Filter>Engine\DX</Filter>
    </ClCompile>
    <ClCompile Include="Engine\GlobalVariables\GlobalVariables.cpp">
      <Filter>Engine\GlobalVariables</Filter>
    </ClCompile>
    <ClCompile Include="Engine\Model\ModelCommon.cpp">
      <Filter>Engine\Model</Filter>
    </ClCompile>
    <ClCompile Include="Engine\Model\ModelManager.cpp">
      <Filter>Engine\Model</Filter>
    </ClCompile>
    <ClCompile Include="Engine\Model\Object3d.cpp">
      <Filter>Engine\Model</Filter>
    </ClCompile>
    <ClCompile Include="Engine\Model\Object3dCommon.cpp">
      <Filter>Engine\Model</Filter>
    </ClCompile>
    <ClCompile Include="Engine\Model\Sprite.cpp">
      <Filter>Engine\Model</Filter>
    </ClCompile>
    <ClCompile Include="Engine\GraphicPipeline\PipelineManager.cpp">
      <Filter>Engine\GraphicPipeline</Filter>
    </ClCompile>
    <ClCompile Include="Engine\Scene\BaseScene.cpp">
      <Filter>Engine\Scene</Filter>
    </ClCompile>
    <ClCompile Include="Engine\Particle\Particle.cpp">
      <Filter>Engine\Particle</Filter>
    </ClCompile>
    <ClCompile Include="Engine\Particle\ParticleEmitter.cpp">
      <Filter>Engine\Particle</Filter>
    </ClCompile>
    <ClCompile Include="Engine\Particle\ParticleManager.cpp">
      <Filter>Engine\Particle</Filter>
    </ClCompile>
    <ClCompile Include="Engine\DX\SRVManager.cpp">
      <Filter>Engine\DX</Filter>
    </ClCompile>
    <ClCompile Include="Engine\Scene\SceneManager.cpp">
      <Filter>Engine\Scene</Filter>
    </ClCompile>
    <ClCompile Include="Engine\GraphicPipeline\ShockWavePipe.cpp">
      <Filter>Engine\GraphicPipeline</Filter>
    </ClCompile>
    <ClCompile Include="Engine\DX\Framework.cpp">
      <Filter>Engine\DX</Filter>
    </ClCompile>
    <ClCompile Include="Engine\GraphicPipeline\FirePipe.cpp">
      <Filter>Engine\GraphicPipeline</Filter>
    </ClCompile>
    <ClCompile Include="Engine\GraphicPipeline\ThunderPipe.cpp">
      <Filter>Engine\GraphicPipeline</Filter>
    </ClCompile>
    <ClCompile Include="Game\OriginGameObject.cpp">
      <Filter>Game</Filter>
    </ClCompile>
    <ClCompile Include="Engine\Model\Line3dDrawer.cpp">
      <Filter>Engine\Model</Filter>
    </ClCompile>
    <ClCompile Include="Engine\GraphicPipeline\Line3dPipe.cpp">
      <Filter>Engine\GraphicPipeline</Filter>
    </ClCompile>
    <ClCompile Include="Engine\Camera\Camera.cpp">
      <Filter>Engine\Camera</Filter>
    </ClCompile>
    <ClCompile Include="Engine\Camera\CameraManager.cpp">
      <Filter>Engine\Camera</Filter>
    </ClCompile>
    <ClCompile Include="Engine\Camera\DebugCamera.cpp">
      <Filter>Engine\Camera</Filter>
    </ClCompile>
    <ClCompile Include="Game\Scene\GameRun.cpp">
      <Filter>Game\Scene</Filter>
    </ClCompile>
    <ClCompile Include="Game\Scene\GameScene.cpp">
      <Filter>Game\Scene</Filter>
    </ClCompile>
    <ClCompile Include="Game\Scene\ResultScene.cpp">
      <Filter>Game\Scene</Filter>
    </ClCompile>
    <ClCompile Include="Game\Scene\SceneFactory.cpp">
      <Filter>Game\Scene</Filter>
    </ClCompile>
    <ClCompile Include="Game\Scene\TitleScene.cpp">
      <Filter>Game\Scene</Filter>
    </ClCompile>
    <ClCompile Include="Game\Collider\BaseCollider.cpp">
      <Filter>Game\Collider</Filter>
    </ClCompile>
    <ClCompile Include="Game\Collider\AABBCollider.cpp">
      <Filter>Game\Collider</Filter>
    </ClCompile>
    <ClCompile Include="Game\Collider\CollisionManager.cpp">
      <Filter>Game\Collider</Filter>
    </ClCompile>
    <ClCompile Include="Engine\GraphicPipeline\CRTPipe.cpp">
      <Filter>Engine\GraphicPipeline</Filter>
    </ClCompile>
    <ClCompile Include="Engine\DX\OffscreenManager.cpp">
      <Filter>Engine\DX</Filter>
    </ClCompile>
    <ClCompile Include="Engine\Model\AnimationData\AnimationModel.cpp">
      <Filter>Engine\Model\AnimationData</Filter>
    </ClCompile>
    <ClCompile Include="Engine\GraphicPipeline\AnimationPipeline.cpp">
      <Filter>Engine\GraphicPipeline</Filter>
    </ClCompile>
    <ClCompile Include="Engine\Math\Matrix\MatrixCalculation.cpp">
      <Filter>Engine\Math\Matrix</Filter>
    </ClCompile>
    <ClCompile Include="Engine\Math\Random\Random.cpp">
      <Filter>Engine\Math\Random</Filter>
    </ClCompile>
    <ClCompile Include="Engine\Math\Quaternion\Quaternion.cpp">
      <Filter>Engine\Math\Quaternion</Filter>
    </ClCompile>
    <ClCompile Include="Engine\Math\Vector\Vector3.cpp">
      <Filter>Engine\Math\Vector</Filter>
    </ClCompile>
    <ClCompile Include="Engine\Math\Vector\Vector2.cpp">
      <Filter>Engine\Math\Vector</Filter>
    </ClCompile>
    <ClCompile Include="Game\GameObj\FollowCamera.cpp">
      <Filter>Game\GameObj</Filter>
    </ClCompile>
    <ClCompile Include="Game\GameObj\LockOn.cpp">
      <Filter>Game\GameObj</Filter>
    </ClCompile>
    <ClCompile Include="Game\Scene\ParticleDebugScene.cpp">
      <Filter>Game\Scene</Filter>
    </ClCompile>
    <ClCompile Include="Engine\Editor\CommandManager.cpp">
      <Filter>Engine\Editor</Filter>
    </ClCompile>
    <ClCompile Include="Game\GameObj\SkyDome\SkyBox.cpp">
      <Filter>Game\GameObj\SkyDome</Filter>
    </ClCompile>
    <ClCompile Include="Engine\GraphicPipeline\SkyboxPipe.cpp">
      <Filter>Engine\GraphicPipeline</Filter>
    </ClCompile>
    <ClCompile Include="Engine\GraphicPipeline\SkinningCSPipe.cpp">
      <Filter>Engine\GraphicPipeline</Filter>
    </ClCompile>
    <ClCompile Include="Engine\Editor\JsonSerializer.cpp">
      <Filter>Engine\Editor</Filter>
    </ClCompile>
    <ClCompile Include="Engine\ImGuiManager\NodeGraph.cpp">
      <Filter>Engine\ImGuiManager</Filter>
    </ClCompile>
    <ClCompile Include="externals\imgui\utilities\drawing.cpp">
      <Filter>Externals\imgui\utilities</Filter>
    </ClCompile>
    <ClCompile Include="externals\imgui\utilities\widgets.cpp">
      <Filter>Externals\imgui\utilities</Filter>
    </ClCompile>
    <ClCompile Include="externals\imgui\utilities\builders.cpp">
      <Filter>Externals\imgui\utilities</Filter>
    </ClCompile>
    <ClCompile Include="Engine\Editor\CreateObjCommand.cpp">
      <Filter>Engine\Editor</Filter>
    </ClCompile>
    <ClCompile Include="Engine\Editor\DeleteObjCommand.cpp">
      <Filter>Engine\Editor</Filter>
    </ClCompile>
    <ClCompile Include="Engine\GraphicPipeline\SpritePipe.cpp">
      <Filter>Engine\GraphicPipeline</Filter>
    </ClCompile>
    <ClCompile Include="Engine\GraphicPipeline\CSPipe\OutlineCSPipe.cpp">
      <Filter>Engine\GraphicPipeline\CSPipe</Filter>
    </ClCompile>
    <ClCompile Include="Engine\GraphicPipeline\CSPipe\GaussCSPipe.cpp">
      <Filter>Engine\GraphicPipeline\CSPipe</Filter>
    </ClCompile>
    <ClCompile Include="Engine\GraphicPipeline\CSPipe\CRTCSPipe.cpp">
      <Filter>Engine\GraphicPipeline\CSPipe</Filter>
    </ClCompile>
    <ClCompile Include="Engine\GraphicPipeline\CSPipe\GrayCSPipe.cpp">
      <Filter>Engine\GraphicPipeline\CSPipe</Filter>
    </ClCompile>
    <ClCompile Include="Engine\GraphicPipeline\CSPipe\BloomCSPipe.cpp">
      <Filter>Engine\GraphicPipeline\CSPipe</Filter>
    </ClCompile>
    <ClCompile Include="Engine\GraphicPipeline\CSPipe\BoxFilterCSPipe.cpp">
      <Filter>Engine\GraphicPipeline\CSPipe</Filter>
    </ClCompile>
    <ClCompile Include="Engine\GraphicPipeline\CSPipe\RandomCSPipe.cpp">
      <Filter>Engine\GraphicPipeline\CSPipe</Filter>
    </ClCompile>
    <ClCompile Include="Engine\GraphicPipeline\CSPipe\RadialBlurCSPipe.cpp">
      <Filter>Engine\GraphicPipeline\CSPipe</Filter>
    </ClCompile>
    <ClCompile Include="Engine\GraphicPipeline\CSPipe\LuminanceOutlineCSPipe.cpp">
      <Filter>Engine\GraphicPipeline\CSPipe</Filter>
    </ClCompile>
    <ClCompile Include="Engine\GraphicPipeline\CSPipe\RetroTVCSPipe.cpp">
      <Filter>Engine\GraphicPipeline\CSPipe</Filter>
    </ClCompile>
    <ClCompile Include="Engine\GraphicPipeline\CSPipe\InitParticleCSPipe.cpp">
      <Filter>Engine\GraphicPipeline\CSPipe</Filter>
    </ClCompile>
    <ClCompile Include="Engine\GraphicPipeline\ParticleCSPipe.cpp">
      <Filter>Engine\GraphicPipeline</Filter>
    </ClCompile>
    <ClCompile Include="Engine\GraphicPipeline\CSPipe\EmitterParticleCSPipe.cpp">
      <Filter>Engine\GraphicPipeline\CSPipe</Filter>
    </ClCompile>
    <ClCompile Include="Engine\GraphicPipeline\CSPipe\UpdateParticleCSPipe.cpp">
      <Filter>Engine\GraphicPipeline\CSPipe</Filter>
    </ClCompile>
    <ClCompile Include="Engine\GraphicPipeline\CSPipe\VignetteCSPipe.cpp">
      <Filter>Engine\GraphicPipeline\CSPipe</Filter>
    </ClCompile>
    <ClCompile Include="Engine\GraphicPipeline\CSPipe\EmitterTexParticleCSPipe.cpp">
      <Filter>Engine\GraphicPipeline\CSPipe</Filter>
    </ClCompile>
    <ClCompile Include="Game\GameObj\Map\MapField.cpp">
      <Filter>Game\GameObj\Map</Filter>
    </ClCompile>
    <ClCompile Include="Game\GameObj\Block\Mino.cpp">
      <Filter>Game\GameObj\Block</Filter>
    </ClCompile>
    <ClCompile Include="Game\Editor\UsableMinoEditor.cpp" />
    <ClCompile Include="Game\Editor\MinoEditor.cpp" />
    <ClCompile Include="Game\Scene\FightScene.cpp" />
    <ClCompile Include="Game\GameObj\Chara\BaseChara\BaseChara.cpp" />
    <ClCompile Include="Game\GameObj\Chara\Friendly\Friendly.cpp" />
    <ClCompile Include="Game\GameObj\Chara\Enemy\Enemy.cpp" />
    <ClCompile Include="Game\GameObj\CharaManagers\EnemyManager\EnemyManager.cpp" />
    <ClCompile Include="Game\GameObj\CharaManagers\FriendlyManager\FriendlyManager.cpp" />
    <ClCompile Include="Game\GameObj\BattleSystem\BattleSystem.cpp" />
    <ClCompile Include="Game\Scene\GameOverScene.cpp" />
    <ClCompile Include="Game\Editor\WaveEditor\WaveEditor.cpp" />
    <ClCompile Include="Game\Editor\EnemyTableEditor\EnemyTableEditor.cpp" />
    <ClCompile Include="Game\GameObj\Map\HumanMoldManager.cpp" />
    <ClCompile Include="Game\GameObj\Factory\Factory.cpp" />
  </ItemGroup>
  <ItemGroup>
    <ClInclude Include="Game\Field\MapChipField.h">
      <Filter>Game\Field</Filter>
    </ClInclude>
    <ClInclude Include="Engine\Audio\AudioPlayer.h">
      <Filter>Engine\Audio</Filter>
    </ClInclude>
    <ClInclude Include="Engine\DX\DXCom.h">
      <Filter>Engine\DX</Filter>
    </ClInclude>
    <ClInclude Include="Engine\DX\DXCommand.h">
      <Filter>Engine\DX</Filter>
    </ClInclude>
    <ClInclude Include="Engine\DX\DXCompil.h">
      <Filter>Engine\DX</Filter>
    </ClInclude>
    <ClInclude Include="Engine\GraphicPipeline\BasePipeline.h">
      <Filter>Engine\GraphicPipeline</Filter>
    </ClInclude>
    <ClInclude Include="Engine\GraphicPipeline\MetaBallPipeline.h">
      <Filter>Engine\GraphicPipeline</Filter>
    </ClInclude>
    <ClInclude Include="Engine\GraphicPipeline\NonePipeline.h">
      <Filter>Engine\GraphicPipeline</Filter>
    </ClInclude>
    <ClInclude Include="Engine\GraphicPipeline\ParticlePipeline.h">
      <Filter>Engine\GraphicPipeline</Filter>
    </ClInclude>
    <ClInclude Include="Engine\GraphicPipeline\Pipeline.h">
      <Filter>Engine\GraphicPipeline</Filter>
    </ClInclude>
    <ClInclude Include="Engine\ImGuiManager\ImGuiManager.h">
      <Filter>Engine\ImGuiManager</Filter>
    </ClInclude>
    <ClInclude Include="Engine\Input\Input.h">
      <Filter>Engine\Input</Filter>
    </ClInclude>
    <ClInclude Include="Engine\Logger\Logger.h">
      <Filter>Engine\Logger</Filter>
    </ClInclude>
    <ClInclude Include="Engine\Model\Material.h">
      <Filter>Engine\Model</Filter>
    </ClInclude>
    <ClInclude Include="Engine\Model\Mesh.h">
      <Filter>Engine\Model</Filter>
    </ClInclude>
    <ClInclude Include="Engine\Model\Model.h">
      <Filter>Engine\Model</Filter>
    </ClInclude>
    <ClInclude Include="Engine\Model\TextureManager.h">
      <Filter>Engine\Model</Filter>
    </ClInclude>
    <ClInclude Include="Engine\WinApp\MyWindow.h">
      <Filter>Engine\WinApp</Filter>
    </ClInclude>
    <ClInclude Include="Engine\Light\DirectionLight.h">
      <Filter>Engine\Light</Filter>
    </ClInclude>
    <ClInclude Include="Engine\Light\PointLight.h">
      <Filter>Engine\Light</Filter>
    </ClInclude>
    <ClInclude Include="Engine\Light\LightManager.h">
      <Filter>Engine\Light</Filter>
    </ClInclude>
    <ClInclude Include="Engine\Light\SpotLight.h">
      <Filter>Engine\Light</Filter>
    </ClInclude>
    <ClInclude Include="Engine\DX\FPSKeeper.h">
      <Filter>Engine\DX</Filter>
    </ClInclude>
    <ClInclude Include="Engine\GlobalVariables\GlobalVariables.h">
      <Filter>Engine\GlobalVariables</Filter>
    </ClInclude>
    <ClInclude Include="Engine\Model\ModelCommon.h">
      <Filter>Engine\Model</Filter>
    </ClInclude>
    <ClInclude Include="Engine\Model\ModelManager.h">
      <Filter>Engine\Model</Filter>
    </ClInclude>
    <ClInclude Include="Engine\Model\Object3d.h">
      <Filter>Engine\Model</Filter>
    </ClInclude>
    <ClInclude Include="Engine\Model\Object3dCommon.h">
      <Filter>Engine\Model</Filter>
    </ClInclude>
    <ClInclude Include="Engine\Model\Sprite.h">
      <Filter>Engine\Model</Filter>
    </ClInclude>
    <ClInclude Include="Engine\GraphicPipeline\PipelineManager.h">
      <Filter>Engine\GraphicPipeline</Filter>
    </ClInclude>
    <ClInclude Include="Engine\Scene\BaseScene.h">
      <Filter>Engine\Scene</Filter>
    </ClInclude>
    <ClInclude Include="Engine\Particle\Particle.h">
      <Filter>Engine\Particle</Filter>
    </ClInclude>
    <ClInclude Include="Engine\Particle\ParticleEmitter.h">
      <Filter>Engine\Particle</Filter>
    </ClInclude>
    <ClInclude Include="Engine\Particle\ParticleManager.h">
      <Filter>Engine\Particle</Filter>
    </ClInclude>
    <ClInclude Include="Engine\DX\SRVManager.h">
      <Filter>Engine\DX</Filter>
    </ClInclude>
    <ClInclude Include="Engine\Scene\SceneManager.h">
      <Filter>Engine\Scene</Filter>
    </ClInclude>
    <ClInclude Include="Engine\GraphicPipeline\ShockWavePipe.h">
      <Filter>Engine\GraphicPipeline</Filter>
    </ClInclude>
    <ClInclude Include="Engine\DX\Framework.h">
      <Filter>Engine\DX</Filter>
    </ClInclude>
    <ClInclude Include="Engine\GraphicPipeline\FirePipe.h">
      <Filter>Engine\GraphicPipeline</Filter>
    </ClInclude>
    <ClInclude Include="Engine\GraphicPipeline\ThunderPipe.h">
      <Filter>Engine\GraphicPipeline</Filter>
    </ClInclude>
    <ClInclude Include="Engine\Scene\AbstractSceneFactory.h">
      <Filter>Engine\Scene</Filter>
    </ClInclude>
    <ClInclude Include="Game\OriginGameObject.h">
      <Filter>Game</Filter>
    </ClInclude>
    <ClInclude Include="Engine\Model\Line3dDrawer.h">
      <Filter>Engine\Model</Filter>
    </ClInclude>
    <ClInclude Include="Engine\GraphicPipeline\Line3dPipe.h">
      <Filter>Engine\GraphicPipeline</Filter>
    </ClInclude>
    <ClInclude Include="Game\TestBaseObj.h">
      <Filter>Game</Filter>
    </ClInclude>
    <ClInclude Include="Engine\Camera\Camera.h">
      <Filter>Engine\Camera</Filter>
    </ClInclude>
    <ClInclude Include="Engine\Camera\CameraManager.h">
      <Filter>Engine\Camera</Filter>
    </ClInclude>
    <ClInclude Include="Engine\Camera\DebugCamera.h">
      <Filter>Engine\Camera</Filter>
    </ClInclude>
    <ClInclude Include="Game\Scene\GameRun.h">
      <Filter>Game\Scene</Filter>
    </ClInclude>
    <ClInclude Include="Game\Scene\GameScene.h">
      <Filter>Game\Scene</Filter>
    </ClInclude>
    <ClInclude Include="Game\Scene\ResultScene.h">
      <Filter>Game\Scene</Filter>
    </ClInclude>
    <ClInclude Include="Game\Scene\SceneFactory.h">
      <Filter>Game\Scene</Filter>
    </ClInclude>
    <ClInclude Include="Game\Scene\TitleScene.h">
      <Filter>Game\Scene</Filter>
    </ClInclude>
    <ClInclude Include="Game\Collider\BaseCollider.h">
      <Filter>Game\Collider</Filter>
    </ClInclude>
    <ClInclude Include="Game\Collider\AABBCollider.h">
      <Filter>Game\Collider</Filter>
    </ClInclude>
    <ClInclude Include="Game\Collider\CollisionManager.h">
      <Filter>Game\Collider</Filter>
    </ClInclude>
    <ClInclude Include="Game\OriginState.h">
      <Filter>Game</Filter>
    </ClInclude>
    <ClInclude Include="Engine\GraphicPipeline\CRTPipe.h">
      <Filter>Engine\GraphicPipeline</Filter>
    </ClInclude>
    <ClInclude Include="Engine\DX\OffscreenManager.h">
      <Filter>Engine\DX</Filter>
    </ClInclude>
    <ClInclude Include="Engine\Math\Animation\Keyframe.h">
      <Filter>Engine\Math\Animation</Filter>
    </ClInclude>
    <ClInclude Include="Engine\Math\Animation\NodeAnimation.h">
      <Filter>Engine\Math\Animation</Filter>
    </ClInclude>
    <ClInclude Include="Engine\Math\Animation\Animation.h">
      <Filter>Engine\Math\Animation</Filter>
    </ClInclude>
    <ClInclude Include="Engine\Model\AnimationData\AnimationModel.h">
      <Filter>Engine\Model\AnimationData</Filter>
    </ClInclude>
    <ClInclude Include="Engine\Math\Animation\Skelton.h">
      <Filter>Engine\Math\Animation</Filter>
    </ClInclude>
    <ClInclude Include="Engine\GraphicPipeline\AnimationPipeline.h">
      <Filter>Engine\GraphicPipeline</Filter>
    </ClInclude>
    <ClInclude Include="Engine\Model\AnimationData\AnimationStructs.h">
      <Filter>Engine\Model\AnimationData</Filter>
    </ClInclude>
    <ClInclude Include="Engine\Math\Vector\Vector2.h">
      <Filter>Engine\Math\Vector</Filter>
    </ClInclude>
    <ClInclude Include="Engine\Math\Vector\Vector2Matrix.h">
      <Filter>Engine\Math\Vector</Filter>
    </ClInclude>
    <ClInclude Include="Engine\Math\Vector\Vector3.h">
      <Filter>Engine\Math\Vector</Filter>
    </ClInclude>
    <ClInclude Include="Engine\Math\Matrix\MatrixCalculation.h">
      <Filter>Engine\Math\Matrix</Filter>
    </ClInclude>
    <ClInclude Include="Engine\Math\Random\Random.h">
      <Filter>Engine\Math\Random</Filter>
    </ClInclude>
    <ClInclude Include="Engine\Math\Quaternion\Quaternion.h">
      <Filter>Engine\Math\Quaternion</Filter>
    </ClInclude>
    <ClInclude Include="Engine\Math\Matrix\Matrix4x4.h">
      <Filter>Engine\Math\Matrix</Filter>
    </ClInclude>
    <ClInclude Include="Engine\Math\Matrix\Matrix3x3.h">
      <Filter>Engine\Math\Matrix</Filter>
    </ClInclude>
    <ClInclude Include="Engine\Math\Matrix\Matrix2x2.h">
      <Filter>Engine\Math\Matrix</Filter>
    </ClInclude>
    <ClInclude Include="Engine\Math\Vector\Vector4.h">
      <Filter>Engine\Math\Vector</Filter>
    </ClInclude>
    <ClInclude Include="Game\GameObj\FollowCamera.h">
      <Filter>Game\GameObj</Filter>
    </ClInclude>
    <ClInclude Include="Game\GameObj\LockOn.h">
      <Filter>Game\GameObj</Filter>
    </ClInclude>
    <ClInclude Include="Game\Scene\ParticleDebugScene.h">
      <Filter>Game\Scene</Filter>
    </ClInclude>
    <ClInclude Include="Engine\Editor\ICommand.h">
      <Filter>Engine\Editor</Filter>
    </ClInclude>
    <ClInclude Include="Engine\Editor\CommandManager.h">
      <Filter>Engine\Editor</Filter>
    </ClInclude>
    <ClInclude Include="Engine\Editor\PropertyCommand.h">
      <Filter>Engine\Editor</Filter>
    </ClInclude>
    <ClInclude Include="Game\GameObj\SkyDome\SkyBox.h">
      <Filter>Game\GameObj\SkyDome</Filter>
    </ClInclude>
    <ClInclude Include="Engine\GraphicPipeline\SkyboxPipe.h">
      <Filter>Engine\GraphicPipeline</Filter>
    </ClInclude>
    <ClInclude Include="Engine\GraphicPipeline\SkinningCSPipe.h">
      <Filter>Engine\GraphicPipeline</Filter>
    </ClInclude>
    <ClInclude Include="Engine\Editor\JsonSerializer.h">
      <Filter>Engine\Editor</Filter>
    </ClInclude>
    <ClInclude Include="Engine\ImGuiManager\NodeGraph.h">
      <Filter>Engine\ImGuiManager</Filter>
    </ClInclude>
    <ClInclude Include="externals\imgui\utilities\drawing.h">
      <Filter>Externals\imgui\utilities</Filter>
    </ClInclude>
    <ClInclude Include="externals\imgui\utilities\widgets.h">
      <Filter>Externals\imgui\utilities</Filter>
    </ClInclude>
    <ClInclude Include="externals\imgui\utilities\builders.h">
      <Filter>Externals\imgui\utilities</Filter>
    </ClInclude>
    <ClInclude Include="Engine\Editor\CreateObjCommand.h">
      <Filter>Engine\Editor</Filter>
    </ClInclude>
    <ClInclude Include="Engine\Editor\DeleteObjCommand.h">
      <Filter>Engine\Editor</Filter>
    </ClInclude>
    <ClInclude Include="Engine\GraphicPipeline\SpritePipe.h">
      <Filter>Engine\GraphicPipeline</Filter>
    </ClInclude>
    <ClInclude Include="Engine\GraphicPipeline\PipeKind.h">
      <Filter>Engine\GraphicPipeline</Filter>
    </ClInclude>
    <ClInclude Include="Engine\GraphicPipeline\CSPipe\OutlineCSPipe.h">
      <Filter>Engine\GraphicPipeline\CSPipe</Filter>
    </ClInclude>
    <ClInclude Include="Engine\GraphicPipeline\CSPipe\GaussCSPipe.h">
      <Filter>Engine\GraphicPipeline\CSPipe</Filter>
    </ClInclude>
    <ClInclude Include="Engine\GraphicPipeline\CSPipe\CRTCSPipe.h">
      <Filter>Engine\GraphicPipeline\CSPipe</Filter>
    </ClInclude>
    <ClInclude Include="Engine\GraphicPipeline\CSPipe\GrayCSPipe.h">
      <Filter>Engine\GraphicPipeline\CSPipe</Filter>
    </ClInclude>
    <ClInclude Include="Engine\GraphicPipeline\CSPipe\BloomCSPipe.h">
      <Filter>Engine\GraphicPipeline\CSPipe</Filter>
    </ClInclude>
    <ClInclude Include="Engine\GraphicPipeline\CSPipe\BoxFilterCSPipe.h">
      <Filter>Engine\GraphicPipeline\CSPipe</Filter>
    </ClInclude>
    <ClInclude Include="Engine\GraphicPipeline\CSPipe\RandomCSPipe.h">
      <Filter>Engine\GraphicPipeline\CSPipe</Filter>
    </ClInclude>
    <ClInclude Include="Engine\GraphicPipeline\CSPipe\RadialBlurCSPipe.h">
      <Filter>Engine\GraphicPipeline\CSPipe</Filter>
    </ClInclude>
    <ClInclude Include="Engine\GraphicPipeline\CSPipe\LuminanceOutlineCSPipe.h">
      <Filter>Engine\GraphicPipeline\CSPipe</Filter>
    </ClInclude>
    <ClInclude Include="Engine\GraphicPipeline\CSPipe\RetroTVCSPipe.h">
      <Filter>Engine\GraphicPipeline\CSPipe</Filter>
    </ClInclude>
    <ClInclude Include="Engine\GraphicPipeline\CSPipe\InitParticleCSPipe.h">
      <Filter>Engine\GraphicPipeline\CSPipe</Filter>
    </ClInclude>
    <ClInclude Include="Engine\GraphicPipeline\ParticleCSPipe.h">
      <Filter>Engine\GraphicPipeline</Filter>
    </ClInclude>
    <ClInclude Include="Engine\GraphicPipeline\CSPipe\EmitterParticleCSPipe.h">
      <Filter>Engine\GraphicPipeline\CSPipe</Filter>
    </ClInclude>
    <ClInclude Include="Engine\GraphicPipeline\CSPipe\UpdateParticleCSPipe.h">
      <Filter>Engine\GraphicPipeline\CSPipe</Filter>
    </ClInclude>
    <ClInclude Include="Engine\GraphicPipeline\CSPipe\VignetteCSPipe.h">
      <Filter>Engine\GraphicPipeline\CSPipe</Filter>
    </ClInclude>
    <ClInclude Include="Engine\GraphicPipeline\CSPipe\EmitterTexParticleCSPipe.h">
      <Filter>Engine\GraphicPipeline\CSPipe</Filter>
    </ClInclude>
    <ClInclude Include="Game\GameObj\Map\MapField.h">
      <Filter>Game\GameObj\Map</Filter>
    </ClInclude>
    <ClInclude Include="Game\GameObj\Block\Mino.h">
      <Filter>Game\GameObj\Block</Filter>
    </ClInclude>
    <ClInclude Include="BuiltinTypes.h" />
    <ClInclude Include="Game\Editor\UsableMinoEditor.h" />
    <ClInclude Include="Game\Editor\MinoEditor.h" />
    <ClInclude Include="Game\Scene\FightScene.h" />
    <ClInclude Include="Game\GameObj\Chara\BaseChara\BaseChara.h" />
    <ClInclude Include="Game\GameObj\Chara\Friendly\Friendly.h" />
    <ClInclude Include="Game\GameObj\Chara\Enemy\Enemy.h" />
    <ClInclude Include="Game\GameObj\CharaManagers\EnemyManager\EnemyManager.h" />
    <ClInclude Include="Game\GameObj\CharaManagers\FriendlyManager\FriendlyManager.h" />
    <ClInclude Include="Game\GameObj\BattleSystem\BattleSystem.h" />
    <ClInclude Include="Game\Scene\GameOverScene.h" />
    <ClInclude Include="Game\Editor\WaveEditor\WaveEditor.h" />
    <ClInclude Include="Game\Editor\EnemyTableEditor\EnemyTableEditor.h" />
    <ClInclude Include="Game\GameObj\Map\HumanMoldManager.h" />
    <ClInclude Include="Game\GameObj\Factory\Factory.h" />
  </ItemGroup>
  <ItemGroup>
    <Filter Include="Engine">
      <UniqueIdentifier>{73eddf69-5416-4ecf-b2ba-3d701407fe67}</UniqueIdentifier>
    </Filter>
    <Filter Include="Externals">
      <UniqueIdentifier>{5be5382f-ec04-4a33-8580-04e98ff8956d}</UniqueIdentifier>
    </Filter>
    <Filter Include="Game">
      <UniqueIdentifier>{a757f108-94e3-4654-a9dd-60e1df2d6d9a}</UniqueIdentifier>
    </Filter>
    <Filter Include="resource">
      <UniqueIdentifier>{d1480a97-446f-40e9-b028-4aef321c7247}</UniqueIdentifier>
    </Filter>
    <Filter Include="Engine\Audio">
      <UniqueIdentifier>{c4da6d91-5105-4c92-9aaf-351f4c3f5156}</UniqueIdentifier>
    </Filter>
    <Filter Include="Engine\Input">
      <UniqueIdentifier>{4fc9f971-4a5f-4773-aa3d-57b056c87b75}</UniqueIdentifier>
    </Filter>
    <Filter Include="Engine\DX">
      <UniqueIdentifier>{6a497f9a-2b7b-4445-af09-d340cd39e7f8}</UniqueIdentifier>
    </Filter>
    <Filter Include="Engine\ImGuiManager">
      <UniqueIdentifier>{eba0a991-a0b4-4a1a-9d00-911ff514c42b}</UniqueIdentifier>
    </Filter>
    <Filter Include="Engine\Logger">
      <UniqueIdentifier>{e851916b-0abb-46d1-9001-33ec613ee5b6}</UniqueIdentifier>
    </Filter>
    <Filter Include="Engine\Model">
      <UniqueIdentifier>{22fba7d1-7d6a-47d0-94a3-8cad2d89de8f}</UniqueIdentifier>
    </Filter>
    <Filter Include="Engine\Math">
      <UniqueIdentifier>{11241f09-8f20-47f7-9a9b-6f5b29a62dd0}</UniqueIdentifier>
    </Filter>
    <Filter Include="Engine\WinApp">
      <UniqueIdentifier>{f16bc601-30c2-494a-b5f2-9dddb2b5e815}</UniqueIdentifier>
    </Filter>
    <Filter Include="Engine\GraphicPipeline">
      <UniqueIdentifier>{a7aec92a-a6ed-4e8d-b70e-d00475873d04}</UniqueIdentifier>
    </Filter>
    <Filter Include="Game\Field">
      <UniqueIdentifier>{474c6061-5ccc-4a22-b89f-a7917901b616}</UniqueIdentifier>
    </Filter>
    <Filter Include="resource\Shaders">
      <UniqueIdentifier>{721d04ed-0430-462c-a558-1b345031cb69}</UniqueIdentifier>
    </Filter>
    <Filter Include="Engine\GlobalVariables">
      <UniqueIdentifier>{dee81627-0be4-4b1e-bd00-7dfcde087c80}</UniqueIdentifier>
    </Filter>
    <Filter Include="Engine\Light">
      <UniqueIdentifier>{bbaf8ed5-8934-40c2-981e-ec659d17c094}</UniqueIdentifier>
    </Filter>
    <Filter Include="Engine\Particle">
      <UniqueIdentifier>{3102e485-29ad-45b9-aa83-d99616131e4c}</UniqueIdentifier>
    </Filter>
    <Filter Include="Engine\Scene">
      <UniqueIdentifier>{9b2b279b-994d-4704-b28e-0a62df13d1b9}</UniqueIdentifier>
    </Filter>
    <Filter Include="Engine\Camera">
      <UniqueIdentifier>{cf744bcb-b934-4c5e-9da0-1a40d0968e23}</UniqueIdentifier>
    </Filter>
    <Filter Include="Game\Collider">
      <UniqueIdentifier>{20f410ec-47e8-4e10-a499-b1fd2ef09cde}</UniqueIdentifier>
    </Filter>
    <Filter Include="Game\Scene">
      <UniqueIdentifier>{9f02f36c-fca6-4a84-99db-93ec2013ba4b}</UniqueIdentifier>
    </Filter>
    <Filter Include="Game\GameObj">
      <UniqueIdentifier>{617e8378-5eb2-45b5-b7d1-72cdc9b6216f}</UniqueIdentifier>
    </Filter>
    <Filter Include="Game\GameObj\Player">
      <UniqueIdentifier>{272b979d-4022-461f-9b40-fa2e97c94d98}</UniqueIdentifier>
    </Filter>
    <Filter Include="Game\GameObj\Enemy">
      <UniqueIdentifier>{75f61a48-bc79-46a6-b1ec-ceee4a1b817f}</UniqueIdentifier>
    </Filter>
    <Filter Include="resource\Shaders\CS">
      <UniqueIdentifier>{a2b12930-efd8-4b03-84dc-c65ccb0fc2eb}</UniqueIdentifier>
    </Filter>
    <Filter Include="Engine\Math\Animation">
      <UniqueIdentifier>{bd1e8302-2cd0-47fe-bbf8-ba4e941d5a51}</UniqueIdentifier>
    </Filter>
    <Filter Include="Engine\Model\AnimationData">
      <UniqueIdentifier>{caf4aa0b-f65b-4267-bfeb-452ebca8902c}</UniqueIdentifier>
    </Filter>
    <Filter Include="Engine\Math\Vector">
      <UniqueIdentifier>{7d72c698-8a41-43a4-8ede-abcee7e036a8}</UniqueIdentifier>
    </Filter>
    <Filter Include="Engine\Math\Matrix">
      <UniqueIdentifier>{c3c8cefe-3407-4bcf-89b5-30a88c2d74c4}</UniqueIdentifier>
    </Filter>
    <Filter Include="Engine\Math\Quaternion">
      <UniqueIdentifier>{de0ec3b1-c396-481f-829b-4a87b6923d46}</UniqueIdentifier>
    </Filter>
    <Filter Include="Engine\Math\Random">
      <UniqueIdentifier>{fbafdfc2-b133-4fa5-8806-f13994df902f}</UniqueIdentifier>
    </Filter>
    <Filter Include="Game\GameObj\Player\Behavior">
      <UniqueIdentifier>{8d06dd74-7aa7-4bd8-9f75-d044a3d5acdc}</UniqueIdentifier>
    </Filter>
    <Filter Include="Game\GameObj\Player\AttackBehavior">
      <UniqueIdentifier>{611fdb19-c0f4-416e-b738-366e3fdfbd34}</UniqueIdentifier>
    </Filter>
    <Filter Include="Game\GameObj\Enemy\Behavior">
      <UniqueIdentifier>{2263d8f9-5f9a-4c29-8a79-292d1fed0cbb}</UniqueIdentifier>
    </Filter>
    <Filter Include="Engine\Editor">
      <UniqueIdentifier>{b324ee81-9c59-4fe2-9acd-053eaf7bcddc}</UniqueIdentifier>
    </Filter>
    <Filter Include="Game\GameObj\SkyDome">
      <UniqueIdentifier>{972c8ba7-1fdf-4420-8976-641d635fa5ae}</UniqueIdentifier>
    </Filter>
    <Filter Include="resource\Shaders\CS\Engine">
      <UniqueIdentifier>{a53b59b2-f85d-43ce-897a-0b92b392dcaf}</UniqueIdentifier>
    </Filter>
    <Filter Include="Externals\imgui">
      <UniqueIdentifier>{1d7ac97b-a66d-4b17-ae3e-18af557da005}</UniqueIdentifier>
    </Filter>
    <Filter Include="Externals\imgui\utilities">
      <UniqueIdentifier>{94f6f261-20b1-4c47-a774-0143dd37d546}</UniqueIdentifier>
    </Filter>
    <Filter Include="Game\GameObj\Enemy\BossItem">
      <UniqueIdentifier>{6f67285b-3cf8-4b8c-8d42-5873aa75a24d}</UniqueIdentifier>
    </Filter>
    <Filter Include="Engine\GraphicPipeline\CSPipe">
      <UniqueIdentifier>{d918235d-47db-4aad-82b9-b5ab9d7beab9}</UniqueIdentifier>
    </Filter>
    <Filter Include="Game\GameObj\Climber">
      <UniqueIdentifier>{e1e2f8ce-5a88-4efe-ae4f-68065f005e52}</UniqueIdentifier>
    </Filter>
    <Filter Include="Game\GameObj\Block">
      <UniqueIdentifier>{f308f21c-2107-4039-9d60-7db5fb7dccd7}</UniqueIdentifier>
    </Filter>
    <Filter Include="Game\GameObj\Map">
      <UniqueIdentifier>{e75d25dc-16ce-4d31-9f14-9a846aa35de3}</UniqueIdentifier>
    </Filter>
  </ItemGroup>
  <ItemGroup>
    <FxCompile Include="resource\Shaders\GaussianBlur.PS.hlsl">
      <Filter>resource\Shaders</Filter>
    </FxCompile>
    <FxCompile Include="resource\Shaders\MetaBall.PS.hlsl">
      <Filter>resource\Shaders</Filter>
    </FxCompile>
    <FxCompile Include="resource\Shaders\MetaBall.VS.hlsl">
      <Filter>resource\Shaders</Filter>
    </FxCompile>
    <FxCompile Include="resource\Shaders\NonePost.PS.hlsl">
      <Filter>resource\Shaders</Filter>
    </FxCompile>
    <FxCompile Include="resource\Shaders\NonePost.VS.hlsl">
      <Filter>resource\Shaders</Filter>
    </FxCompile>
    <FxCompile Include="resource\Shaders\Object3d.PS.hlsl">
      <Filter>resource\Shaders</Filter>
    </FxCompile>
    <FxCompile Include="resource\Shaders\Object3d.VS.hlsl">
      <Filter>resource\Shaders</Filter>
    </FxCompile>
    <FxCompile Include="resource\Shaders\Particle.PS.hlsl">
      <Filter>resource\Shaders</Filter>
    </FxCompile>
    <FxCompile Include="resource\Shaders\Particle.VS.hlsl">
      <Filter>resource\Shaders</Filter>
    </FxCompile>
    <FxCompile Include="resource\Shaders\SimpleGrayscale.PS.hlsl">
      <Filter>resource\Shaders</Filter>
    </FxCompile>
    <FxCompile Include="resource\Shaders\ShockWave.PS.hlsl">
      <Filter>resource\Shaders</Filter>
    </FxCompile>
    <FxCompile Include="resource\Shaders\Fire.PS.hlsl">
      <Filter>resource\Shaders</Filter>
    </FxCompile>
    <FxCompile Include="resource\Shaders\Thunder.PS.hlsl">
      <Filter>resource\Shaders</Filter>
    </FxCompile>
    <FxCompile Include="resource\Shaders\Line3d.VS.hlsl">
      <Filter>resource\Shaders</Filter>
    </FxCompile>
    <FxCompile Include="resource\Shaders\Line3d.PS.hlsl">
      <Filter>resource\Shaders</Filter>
    </FxCompile>
    <FxCompile Include="resource\Shaders\CRTEffect.PS.hlsl">
      <Filter>resource\Shaders</Filter>
    </FxCompile>
    <FxCompile Include="resource\Shaders\CS\Grayscale.CS.hlsl">
      <Filter>resource\Shaders\CS</Filter>
    </FxCompile>
    <FxCompile Include="resource\Shaders\SkinningObject3d.VS.hlsl">
      <Filter>resource\Shaders</Filter>
    </FxCompile>
    <FxCompile Include="resource\Shaders\SkinningObject3d.PS.hlsl">
      <Filter>resource\Shaders</Filter>
    </FxCompile>
    <FxCompile Include="resource\Shaders\CS\CRTEffect.CS.hlsl">
      <Filter>resource\Shaders\CS</Filter>
    </FxCompile>
    <FxCompile Include="resource\Shaders\Skybox.PS.hlsl">
      <Filter>resource\Shaders</Filter>
    </FxCompile>
    <FxCompile Include="resource\Shaders\Skybox.VS.hlsl">
      <Filter>resource\Shaders</Filter>
    </FxCompile>
    <FxCompile Include="resource\Shaders\CS\Engine\Skinning.CS.hlsl">
      <Filter>resource\Shaders\CS\Engine</Filter>
    </FxCompile>
    <FxCompile Include="resource\Shaders\DepthBasedOutline.PS.hlsl">
      <Filter>resource\Shaders</Filter>
    </FxCompile>
    <FxCompile Include="resource\Shaders\Sprite.PS.hlsl">
      <Filter>resource\Shaders</Filter>
    </FxCompile>
    <FxCompile Include="resource\Shaders\CS\Outline.CS.hlsl">
      <Filter>resource\Shaders\CS</Filter>
    </FxCompile>
    <FxCompile Include="resource\Shaders\CS\Gaussian.CS.hlsl">
      <Filter>resource\Shaders\CS</Filter>
    </FxCompile>
    <FxCompile Include="resource\Shaders\CS\Engine\InitParticle.CS.hlsl">
      <Filter>resource\Shaders\CS\Engine</Filter>
    </FxCompile>
    <FxCompile Include="resource\Shaders\CS\Bloom.CS.hlsl">
      <Filter>resource\Shaders\CS</Filter>
    </FxCompile>
    <FxCompile Include="resource\Shaders\CS\BoxFilter.CS.hlsl">
      <Filter>resource\Shaders\CS</Filter>
    </FxCompile>
    <FxCompile Include="resource\Shaders\CS\RadialBlur.CS.hlsl">
      <Filter>resource\Shaders\CS</Filter>
    </FxCompile>
    <FxCompile Include="resource\Shaders\CS\Random.CS.hlsl">
      <Filter>resource\Shaders\CS</Filter>
    </FxCompile>
    <FxCompile Include="resource\Shaders\CS\LuminanceBasedOutline.CS.hlsl">
      <Filter>resource\Shaders\CS</Filter>
    </FxCompile>
    <FxCompile Include="resource\Shaders\CS\RetroTV.CS.hlsl">
      <Filter>resource\Shaders\CS</Filter>
    </FxCompile>
    <FxCompile Include="resource\Shaders\CSParticle.VS.hlsl">
      <Filter>resource\Shaders</Filter>
    </FxCompile>
    <FxCompile Include="resource\Shaders\CSParticle.PS.hlsl">
      <Filter>resource\Shaders</Filter>
    </FxCompile>
    <FxCompile Include="resource\Shaders\CS\Engine\EmitParticle.CS.hlsl">
      <Filter>resource\Shaders\CS\Engine</Filter>
    </FxCompile>
    <FxCompile Include="resource\Shaders\CS\Engine\UpdateParticle.CS.hlsl">
      <Filter>resource\Shaders\CS\Engine</Filter>
    </FxCompile>
    <FxCompile Include="resource\Shaders\CS\Vignette.CS.hlsl">
      <Filter>resource\Shaders\CS</Filter>
    </FxCompile>
    <FxCompile Include="resource\Shaders\CS\Engine\EmitTexParticle.CS.hlsl">
      <Filter>resource\Shaders\CS\Engine</Filter>
    </FxCompile>
  </ItemGroup>
  <ItemGroup>
    <None Include="resource\Shaders\Object3d.hlsli">
      <Filter>resource\Shaders</Filter>
    </None>
    <None Include="resource\Shaders\Particle.hlsli">
      <Filter>resource\Shaders</Filter>
    </None>
    <None Include="resource\Shaders\Line3d.hlsli">
      <Filter>resource\Shaders</Filter>
    </None>
    <None Include="resource\Shaders\SkinningObject3d.hlsli">
      <Filter>resource\Shaders</Filter>
    </None>
    <None Include="resource\Shaders\Skybox.hlsli">
      <Filter>resource\Shaders</Filter>
    </None>
    <None Include="resource\Shaders\CSParticle.hlsli">
      <Filter>resource\Shaders</Filter>
    </None>
    <None Include="resource\Shaders\CS\Random.hlsli">
      <Filter>resource\Shaders\CS</Filter>
    </None>
  </ItemGroup>
</Project>